// !$*UTF8*$!
{
	archiveVersion = 1;
	classes = {
	};
	objectVersion = 50;
	objects = {

/* Begin PBXBuildFile section */
		1827B0732622A79D00F64D48 /* AppDelegate.swift in Sources */ = {isa = PBXBuildFile; fileRef = 1827B0722622A79D00F64D48 /* AppDelegate.swift */; };
		1827B07A2622A79D00F64D48 /* Main.storyboard in Resources */ = {isa = PBXBuildFile; fileRef = 1827B0782622A79D00F64D48 /* Main.storyboard */; };
		1827B07D2622A79D00F64D48 /* JarusAssigment.xcdatamodeld in Sources */ = {isa = PBXBuildFile; fileRef = 1827B07B2622A79D00F64D48 /* JarusAssigment.xcdatamodeld */; };
		1827B07F2622A7A100F64D48 /* Assets.xcassets in Resources */ = {isa = PBXBuildFile; fileRef = 1827B07E2622A7A100F64D48 /* Assets.xcassets */; };
		1827B0822622A7A100F64D48 /* LaunchScreen.storyboard in Resources */ = {isa = PBXBuildFile; fileRef = 1827B0802622A7A100F64D48 /* LaunchScreen.storyboard */; };
		1827B08D2622A7A100F64D48 /* JarusAssigmentTests.swift in Sources */ = {isa = PBXBuildFile; fileRef = 1827B08C2622A7A100F64D48 /* JarusAssigmentTests.swift */; };
		1827B0982622A7A100F64D48 /* JarusAssigmentUITests.swift in Sources */ = {isa = PBXBuildFile; fileRef = 1827B0972622A7A100F64D48 /* JarusAssigmentUITests.swift */; };
		1827B0B32622ACB700F64D48 /* AppUtility.swift in Sources */ = {isa = PBXBuildFile; fileRef = 1827B0B22622ACB700F64D48 /* AppUtility.swift */; };
		1827B0C12622B26100F64D48 /* EquipmentView.swift in Sources */ = {isa = PBXBuildFile; fileRef = 1827B0C02622B26100F64D48 /* EquipmentView.swift */; };
		1827B0C72622B29D00F64D48 /* EquipmentViewModel.swift in Sources */ = {isa = PBXBuildFile; fileRef = 1827B0C62622B29D00F64D48 /* EquipmentViewModel.swift */; };
		1827B0D22622BB5600F64D48 /* EquipmentModel.swift in Sources */ = {isa = PBXBuildFile; fileRef = 1827B0D12622BB5600F64D48 /* EquipmentModel.swift */; };
		1827B0DB2622BBE400F64D48 /* DataFetcher.swift in Sources */ = {isa = PBXBuildFile; fileRef = 1827B0DA2622BBE400F64D48 /* DataFetcher.swift */; };
		1827B1242622E3F800F64D48 /* assignment.json in Resources */ = {isa = PBXBuildFile; fileRef = 1827B1232622E3F800F64D48 /* assignment.json */; };
		1827B12F26230D4E00F64D48 /* EquipmentViewController.swift in Sources */ = {isa = PBXBuildFile; fileRef = 1827B12E26230D4E00F64D48 /* EquipmentViewController.swift */; };
		1827B1422623461E00F64D48 /* EquimpmentInfoCell.swift in Sources */ = {isa = PBXBuildFile; fileRef = 1827B1412623461E00F64D48 /* EquimpmentInfoCell.swift */; };
		1827B148262368F500F64D48 /* EquipmentHeaderView.swift in Sources */ = {isa = PBXBuildFile; fileRef = 1827B147262368F500F64D48 /* EquipmentHeaderView.swift */; };
/* End PBXBuildFile section */

/* Begin PBXContainerItemProxy section */
		1827B0892622A7A100F64D48 /* PBXContainerItemProxy */ = {
			isa = PBXContainerItemProxy;
			containerPortal = 1827B0672622A79D00F64D48 /* Project object */;
			proxyType = 1;
			remoteGlobalIDString = 1827B06E2622A79D00F64D48;
			remoteInfo = JarusAssigment;
		};
		1827B0942622A7A100F64D48 /* PBXContainerItemProxy */ = {
			isa = PBXContainerItemProxy;
			containerPortal = 1827B0672622A79D00F64D48 /* Project object */;
			proxyType = 1;
			remoteGlobalIDString = 1827B06E2622A79D00F64D48;
			remoteInfo = JarusAssigment;
		};
/* End PBXContainerItemProxy section */

/* Begin PBXCopyFilesBuildPhase section */
		1827B11C2622E37900F64D48 /* Embed Frameworks */ = {
			isa = PBXCopyFilesBuildPhase;
			buildActionMask = 2147483647;
			dstPath = "";
			dstSubfolderSpec = 10;
			files = (
			);
			name = "Embed Frameworks";
			runOnlyForDeploymentPostprocessing = 0;
		};
/* End PBXCopyFilesBuildPhase section */

/* Begin PBXFileReference section */
		1827B06F2622A79D00F64D48 /* JarusAssigment.app */ = {isa = PBXFileReference; explicitFileType = wrapper.application; includeInIndex = 0; path = JarusAssigment.app; sourceTree = BUILT_PRODUCTS_DIR; };
		1827B0722622A79D00F64D48 /* AppDelegate.swift */ = {isa = PBXFileReference; lastKnownFileType = sourcecode.swift; path = AppDelegate.swift; sourceTree = "<group>"; };
		1827B0792622A79D00F64D48 /* Base */ = {isa = PBXFileReference; lastKnownFileType = file.storyboard; name = Base; path = Base.lproj/Main.storyboard; sourceTree = "<group>"; };
		1827B07C2622A79D00F64D48 /* JarusAssigment.xcdatamodel */ = {isa = PBXFileReference; lastKnownFileType = wrapper.xcdatamodel; path = JarusAssigment.xcdatamodel; sourceTree = "<group>"; };
		1827B07E2622A7A100F64D48 /* Assets.xcassets */ = {isa = PBXFileReference; lastKnownFileType = folder.assetcatalog; path = Assets.xcassets; sourceTree = "<group>"; };
		1827B0812622A7A100F64D48 /* Base */ = {isa = PBXFileReference; lastKnownFileType = file.storyboard; name = Base; path = Base.lproj/LaunchScreen.storyboard; sourceTree = "<group>"; };
		1827B0832622A7A100F64D48 /* Info.plist */ = {isa = PBXFileReference; lastKnownFileType = text.plist.xml; path = Info.plist; sourceTree = "<group>"; };
		1827B0882622A7A100F64D48 /* JarusAssigmentTests.xctest */ = {isa = PBXFileReference; explicitFileType = wrapper.cfbundle; includeInIndex = 0; path = JarusAssigmentTests.xctest; sourceTree = BUILT_PRODUCTS_DIR; };
		1827B08C2622A7A100F64D48 /* JarusAssigmentTests.swift */ = {isa = PBXFileReference; lastKnownFileType = sourcecode.swift; path = JarusAssigmentTests.swift; sourceTree = "<group>"; };
		1827B08E2622A7A100F64D48 /* Info.plist */ = {isa = PBXFileReference; lastKnownFileType = text.plist.xml; path = Info.plist; sourceTree = "<group>"; };
		1827B0932622A7A100F64D48 /* JarusAssigmentUITests.xctest */ = {isa = PBXFileReference; explicitFileType = wrapper.cfbundle; includeInIndex = 0; path = JarusAssigmentUITests.xctest; sourceTree = BUILT_PRODUCTS_DIR; };
		1827B0972622A7A100F64D48 /* JarusAssigmentUITests.swift */ = {isa = PBXFileReference; lastKnownFileType = sourcecode.swift; path = JarusAssigmentUITests.swift; sourceTree = "<group>"; };
		1827B0992622A7A100F64D48 /* Info.plist */ = {isa = PBXFileReference; lastKnownFileType = text.plist.xml; path = Info.plist; sourceTree = "<group>"; };
		1827B0B22622ACB700F64D48 /* AppUtility.swift */ = {isa = PBXFileReference; lastKnownFileType = sourcecode.swift; path = AppUtility.swift; sourceTree = "<group>"; };
		1827B0C02622B26100F64D48 /* EquipmentView.swift */ = {isa = PBXFileReference; lastKnownFileType = sourcecode.swift; path = EquipmentView.swift; sourceTree = "<group>"; };
		1827B0C62622B29D00F64D48 /* EquipmentViewModel.swift */ = {isa = PBXFileReference; lastKnownFileType = sourcecode.swift; path = EquipmentViewModel.swift; sourceTree = "<group>"; };
		1827B0D12622BB5600F64D48 /* EquipmentModel.swift */ = {isa = PBXFileReference; lastKnownFileType = sourcecode.swift; path = EquipmentModel.swift; sourceTree = "<group>"; };
		1827B0DA2622BBE400F64D48 /* DataFetcher.swift */ = {isa = PBXFileReference; lastKnownFileType = sourcecode.swift; path = DataFetcher.swift; sourceTree = "<group>"; };
		1827B1232622E3F800F64D48 /* assignment.json */ = {isa = PBXFileReference; fileEncoding = 4; lastKnownFileType = text.json; path = assignment.json; sourceTree = "<group>"; };
		1827B12E26230D4E00F64D48 /* EquipmentViewController.swift */ = {isa = PBXFileReference; lastKnownFileType = sourcecode.swift; path = EquipmentViewController.swift; sourceTree = "<group>"; };
		1827B1412623461E00F64D48 /* EquimpmentInfoCell.swift */ = {isa = PBXFileReference; lastKnownFileType = sourcecode.swift; path = EquimpmentInfoCell.swift; sourceTree = "<group>"; };
		1827B147262368F500F64D48 /* EquipmentHeaderView.swift */ = {isa = PBXFileReference; lastKnownFileType = sourcecode.swift; path = EquipmentHeaderView.swift; sourceTree = "<group>"; };
/* End PBXFileReference section */

/* Begin PBXFrameworksBuildPhase section */
		1827B06C2622A79D00F64D48 /* Frameworks */ = {
			isa = PBXFrameworksBuildPhase;
			buildActionMask = 2147483647;
			files = (
			);
			runOnlyForDeploymentPostprocessing = 0;
		};
		1827B0852622A7A100F64D48 /* Frameworks */ = {
			isa = PBXFrameworksBuildPhase;
			buildActionMask = 2147483647;
			files = (
			);
			runOnlyForDeploymentPostprocessing = 0;
		};
		1827B0902622A7A100F64D48 /* Frameworks */ = {
			isa = PBXFrameworksBuildPhase;
			buildActionMask = 2147483647;
			files = (
			);
			runOnlyForDeploymentPostprocessing = 0;
		};
/* End PBXFrameworksBuildPhase section */

/* Begin PBXGroup section */
		1827B0662622A79D00F64D48 = {
			isa = PBXGroup;
			children = (
				1827B0712622A79D00F64D48 /* JarusAssigment */,
				1827B08B2622A7A100F64D48 /* JarusAssigmentTests */,
				1827B0962622A7A100F64D48 /* JarusAssigmentUITests */,
				1827B0702622A79D00F64D48 /* Products */,
				1827B0F32622E06C00F64D48 /* Frameworks */,
			);
			sourceTree = "<group>";
		};
		1827B0702622A79D00F64D48 /* Products */ = {
			isa = PBXGroup;
			children = (
				1827B06F2622A79D00F64D48 /* JarusAssigment.app */,
				1827B0882622A7A100F64D48 /* JarusAssigmentTests.xctest */,
				1827B0932622A7A100F64D48 /* JarusAssigmentUITests.xctest */,
			);
			name = Products;
			sourceTree = "<group>";
		};
		1827B0712622A79D00F64D48 /* JarusAssigment */ = {
			isa = PBXGroup;
			children = (
				1827B12D26230D2E00F64D48 /* Controller */,
				1827B0D92622BBC500F64D48 /* DataFetcher */,
				1827B0D02622BB4500F64D48 /* Model */,
				1827B0C52622B28300F64D48 /* ViewModel */,
				1827B0B72622AD1100F64D48 /* Views */,
				1827B0B12622AC9D00F64D48 /* Utility */,
				1827B0722622A79D00F64D48 /* AppDelegate.swift */,
				1827B0782622A79D00F64D48 /* Main.storyboard */,
				1827B07E2622A7A100F64D48 /* Assets.xcassets */,
				1827B0802622A7A100F64D48 /* LaunchScreen.storyboard */,
				1827B0832622A7A100F64D48 /* Info.plist */,
				1827B07B2622A79D00F64D48 /* JarusAssigment.xcdatamodeld */,
				1827B1232622E3F800F64D48 /* assignment.json */,
			);
			path = JarusAssigment;
			sourceTree = "<group>";
		};
		1827B08B2622A7A100F64D48 /* JarusAssigmentTests */ = {
			isa = PBXGroup;
			children = (
				1827B08C2622A7A100F64D48 /* JarusAssigmentTests.swift */,
				1827B08E2622A7A100F64D48 /* Info.plist */,
			);
			path = JarusAssigmentTests;
			sourceTree = "<group>";
		};
		1827B0962622A7A100F64D48 /* JarusAssigmentUITests */ = {
			isa = PBXGroup;
			children = (
				1827B0972622A7A100F64D48 /* JarusAssigmentUITests.swift */,
				1827B0992622A7A100F64D48 /* Info.plist */,
			);
			path = JarusAssigmentUITests;
			sourceTree = "<group>";
		};
		1827B0B12622AC9D00F64D48 /* Utility */ = {
			isa = PBXGroup;
			children = (
				1827B0B22622ACB700F64D48 /* AppUtility.swift */,
			);
			path = Utility;
			sourceTree = "<group>";
		};
		1827B0B72622AD1100F64D48 /* Views */ = {
			isa = PBXGroup;
			children = (
				1827B0C02622B26100F64D48 /* EquipmentView.swift */,
				1827B1412623461E00F64D48 /* EquimpmentInfoCell.swift */,
				1827B147262368F500F64D48 /* EquipmentHeaderView.swift */,
			);
			path = Views;
			sourceTree = "<group>";
		};
		1827B0C52622B28300F64D48 /* ViewModel */ = {
			isa = PBXGroup;
			children = (
				1827B0C62622B29D00F64D48 /* EquipmentViewModel.swift */,
			);
			path = ViewModel;
			sourceTree = "<group>";
		};
		1827B0D02622BB4500F64D48 /* Model */ = {
			isa = PBXGroup;
			children = (
				1827B0D12622BB5600F64D48 /* EquipmentModel.swift */,
			);
			path = Model;
			sourceTree = "<group>";
		};
		1827B0D92622BBC500F64D48 /* DataFetcher */ = {
			isa = PBXGroup;
			children = (
				1827B0DA2622BBE400F64D48 /* DataFetcher.swift */,
			);
			path = DataFetcher;
			sourceTree = "<group>";
		};
		1827B0F32622E06C00F64D48 /* Frameworks */ = {
			isa = PBXGroup;
			children = (
			);
			name = Frameworks;
			sourceTree = "<group>";
		};
		1827B12D26230D2E00F64D48 /* Controller */ = {
			isa = PBXGroup;
			children = (
				1827B12E26230D4E00F64D48 /* EquipmentViewController.swift */,
			);
			path = Controller;
			sourceTree = "<group>";
		};
/* End PBXGroup section */

/* Begin PBXNativeTarget section */
		1827B06E2622A79D00F64D48 /* JarusAssigment */ = {
			isa = PBXNativeTarget;
			buildConfigurationList = 1827B09C2622A7A100F64D48 /* Build configuration list for PBXNativeTarget "JarusAssigment" */;
			buildPhases = (
				1827B06B2622A79D00F64D48 /* Sources */,
				1827B06C2622A79D00F64D48 /* Frameworks */,
				1827B06D2622A79D00F64D48 /* Resources */,
				1827B11C2622E37900F64D48 /* Embed Frameworks */,
			);
			buildRules = (
			);
			dependencies = (
			);
			name = JarusAssigment;
			productName = JarusAssigment;
			productReference = 1827B06F2622A79D00F64D48 /* JarusAssigment.app */;
			productType = "com.apple.product-type.application";
		};
		1827B0872622A7A100F64D48 /* JarusAssigmentTests */ = {
			isa = PBXNativeTarget;
			buildConfigurationList = 1827B09F2622A7A100F64D48 /* Build configuration list for PBXNativeTarget "JarusAssigmentTests" */;
			buildPhases = (
				1827B0842622A7A100F64D48 /* Sources */,
				1827B0852622A7A100F64D48 /* Frameworks */,
				1827B0862622A7A100F64D48 /* Resources */,
			);
			buildRules = (
			);
			dependencies = (
				1827B08A2622A7A100F64D48 /* PBXTargetDependency */,
			);
			name = JarusAssigmentTests;
			productName = JarusAssigmentTests;
			productReference = 1827B0882622A7A100F64D48 /* JarusAssigmentTests.xctest */;
			productType = "com.apple.product-type.bundle.unit-test";
		};
		1827B0922622A7A100F64D48 /* JarusAssigmentUITests */ = {
			isa = PBXNativeTarget;
			buildConfigurationList = 1827B0A22622A7A100F64D48 /* Build configuration list for PBXNativeTarget "JarusAssigmentUITests" */;
			buildPhases = (
				1827B08F2622A7A100F64D48 /* Sources */,
				1827B0902622A7A100F64D48 /* Frameworks */,
				1827B0912622A7A100F64D48 /* Resources */,
			);
			buildRules = (
			);
			dependencies = (
				1827B0952622A7A100F64D48 /* PBXTargetDependency */,
			);
			name = JarusAssigmentUITests;
			productName = JarusAssigmentUITests;
			productReference = 1827B0932622A7A100F64D48 /* JarusAssigmentUITests.xctest */;
			productType = "com.apple.product-type.bundle.ui-testing";
		};
/* End PBXNativeTarget section */

/* Begin PBXProject section */
		1827B0672622A79D00F64D48 /* Project object */ = {
			isa = PBXProject;
			attributes = {
				LastSwiftUpdateCheck = 1240;
				LastUpgradeCheck = 1240;
				TargetAttributes = {
					1827B06E2622A79D00F64D48 = {
						CreatedOnToolsVersion = 12.4;
					};
					1827B0872622A7A100F64D48 = {
						CreatedOnToolsVersion = 12.4;
						TestTargetID = 1827B06E2622A79D00F64D48;
					};
					1827B0922622A7A100F64D48 = {
						CreatedOnToolsVersion = 12.4;
						TestTargetID = 1827B06E2622A79D00F64D48;
					};
				};
			};
			buildConfigurationList = 1827B06A2622A79D00F64D48 /* Build configuration list for PBXProject "JarusAssigment" */;
			compatibilityVersion = "Xcode 9.3";
			developmentRegion = en;
			hasScannedForEncodings = 0;
			knownRegions = (
				en,
				Base,
			);
			mainGroup = 1827B0662622A79D00F64D48;
			productRefGroup = 1827B0702622A79D00F64D48 /* Products */;
			projectDirPath = "";
			projectRoot = "";
			targets = (
				1827B06E2622A79D00F64D48 /* JarusAssigment */,
				1827B0872622A7A100F64D48 /* JarusAssigmentTests */,
				1827B0922622A7A100F64D48 /* JarusAssigmentUITests */,
			);
		};
/* End PBXProject section */

/* Begin PBXResourcesBuildPhase section */
		1827B06D2622A79D00F64D48 /* Resources */ = {
			isa = PBXResourcesBuildPhase;
			buildActionMask = 2147483647;
			files = (
				1827B1242622E3F800F64D48 /* assignment.json in Resources */,
				1827B0822622A7A100F64D48 /* LaunchScreen.storyboard in Resources */,
				1827B07F2622A7A100F64D48 /* Assets.xcassets in Resources */,
				1827B07A2622A79D00F64D48 /* Main.storyboard in Resources */,
			);
			runOnlyForDeploymentPostprocessing = 0;
		};
		1827B0862622A7A100F64D48 /* Resources */ = {
			isa = PBXResourcesBuildPhase;
			buildActionMask = 2147483647;
			files = (
			);
			runOnlyForDeploymentPostprocessing = 0;
		};
		1827B0912622A7A100F64D48 /* Resources */ = {
			isa = PBXResourcesBuildPhase;
			buildActionMask = 2147483647;
			files = (
			);
			runOnlyForDeploymentPostprocessing = 0;
		};
/* End PBXResourcesBuildPhase section */

/* Begin PBXSourcesBuildPhase section */
		1827B06B2622A79D00F64D48 /* Sources */ = {
			isa = PBXSourcesBuildPhase;
			buildActionMask = 2147483647;
			files = (
				1827B0D22622BB5600F64D48 /* EquipmentModel.swift in Sources */,
				1827B0B32622ACB700F64D48 /* AppUtility.swift in Sources */,
				1827B0C72622B29D00F64D48 /* EquipmentViewModel.swift in Sources */,
				1827B0C12622B26100F64D48 /* EquipmentView.swift in Sources */,
				1827B12F26230D4E00F64D48 /* EquipmentViewController.swift in Sources */,
				1827B0DB2622BBE400F64D48 /* DataFetcher.swift in Sources */,
				1827B0732622A79D00F64D48 /* AppDelegate.swift in Sources */,
				1827B07D2622A79D00F64D48 /* JarusAssigment.xcdatamodeld in Sources */,
				1827B148262368F500F64D48 /* EquipmentHeaderView.swift in Sources */,
				1827B1422623461E00F64D48 /* EquimpmentInfoCell.swift in Sources */,
			);
			runOnlyForDeploymentPostprocessing = 0;
		};
		1827B0842622A7A100F64D48 /* Sources */ = {
			isa = PBXSourcesBuildPhase;
			buildActionMask = 2147483647;
			files = (
				1827B08D2622A7A100F64D48 /* JarusAssigmentTests.swift in Sources */,
			);
			runOnlyForDeploymentPostprocessing = 0;
		};
		1827B08F2622A7A100F64D48 /* Sources */ = {
			isa = PBXSourcesBuildPhase;
			buildActionMask = 2147483647;
			files = (
				1827B0982622A7A100F64D48 /* JarusAssigmentUITests.swift in Sources */,
			);
			runOnlyForDeploymentPostprocessing = 0;
		};
/* End PBXSourcesBuildPhase section */

/* Begin PBXTargetDependency section */
		1827B08A2622A7A100F64D48 /* PBXTargetDependency */ = {
			isa = PBXTargetDependency;
			target = 1827B06E2622A79D00F64D48 /* JarusAssigment */;
			targetProxy = 1827B0892622A7A100F64D48 /* PBXContainerItemProxy */;
		};
		1827B0952622A7A100F64D48 /* PBXTargetDependency */ = {
			isa = PBXTargetDependency;
			target = 1827B06E2622A79D00F64D48 /* JarusAssigment */;
			targetProxy = 1827B0942622A7A100F64D48 /* PBXContainerItemProxy */;
		};
/* End PBXTargetDependency section */

/* Begin PBXVariantGroup section */
		1827B0782622A79D00F64D48 /* Main.storyboard */ = {
			isa = PBXVariantGroup;
			children = (
				1827B0792622A79D00F64D48 /* Base */,
			);
			name = Main.storyboard;
			sourceTree = "<group>";
		};
		1827B0802622A7A100F64D48 /* LaunchScreen.storyboard */ = {
			isa = PBXVariantGroup;
			children = (
				1827B0812622A7A100F64D48 /* Base */,
			);
			name = LaunchScreen.storyboard;
			sourceTree = "<group>";
		};
/* End PBXVariantGroup section */

/* Begin XCBuildConfiguration section */
		1827B09A2622A7A100F64D48 /* Debug */ = {
			isa = XCBuildConfiguration;
			buildSettings = {
				ALWAYS_SEARCH_USER_PATHS = NO;
				CLANG_ANALYZER_NONNULL = YES;
				CLANG_ANALYZER_NUMBER_OBJECT_CONVERSION = YES_AGGRESSIVE;
				CLANG_CXX_LANGUAGE_STANDARD = "gnu++14";
				CLANG_CXX_LIBRARY = "libc++";
				CLANG_ENABLE_MODULES = YES;
				CLANG_ENABLE_OBJC_ARC = YES;
				CLANG_ENABLE_OBJC_WEAK = YES;
				CLANG_WARN_BLOCK_CAPTURE_AUTORELEASING = YES;
				CLANG_WARN_BOOL_CONVERSION = YES;
				CLANG_WARN_COMMA = YES;
				CLANG_WARN_CONSTANT_CONVERSION = YES;
				CLANG_WARN_DEPRECATED_OBJC_IMPLEMENTATIONS = YES;
				CLANG_WARN_DIRECT_OBJC_ISA_USAGE = YES_ERROR;
				CLANG_WARN_DOCUMENTATION_COMMENTS = YES;
				CLANG_WARN_EMPTY_BODY = YES;
				CLANG_WARN_ENUM_CONVERSION = YES;
				CLANG_WARN_INFINITE_RECURSION = YES;
				CLANG_WARN_INT_CONVERSION = YES;
				CLANG_WARN_NON_LITERAL_NULL_CONVERSION = YES;
				CLANG_WARN_OBJC_IMPLICIT_RETAIN_SELF = YES;
				CLANG_WARN_OBJC_LITERAL_CONVERSION = YES;
				CLANG_WARN_OBJC_ROOT_CLASS = YES_ERROR;
				CLANG_WARN_QUOTED_INCLUDE_IN_FRAMEWORK_HEADER = YES;
				CLANG_WARN_RANGE_LOOP_ANALYSIS = YES;
				CLANG_WARN_STRICT_PROTOTYPES = YES;
				CLANG_WARN_SUSPICIOUS_MOVE = YES;
				CLANG_WARN_UNGUARDED_AVAILABILITY = YES_AGGRESSIVE;
				CLANG_WARN_UNREACHABLE_CODE = YES;
				CLANG_WARN__DUPLICATE_METHOD_MATCH = YES;
				COPY_PHASE_STRIP = NO;
				DEBUG_INFORMATION_FORMAT = dwarf;
				ENABLE_STRICT_OBJC_MSGSEND = YES;
				ENABLE_TESTABILITY = YES;
				GCC_C_LANGUAGE_STANDARD = gnu11;
				GCC_DYNAMIC_NO_PIC = NO;
				GCC_NO_COMMON_BLOCKS = YES;
				GCC_OPTIMIZATION_LEVEL = 0;
				GCC_PREPROCESSOR_DEFINITIONS = (
					"DEBUG=1",
					"$(inherited)",
				);
				GCC_WARN_64_TO_32_BIT_CONVERSION = YES;
				GCC_WARN_ABOUT_RETURN_TYPE = YES_ERROR;
				GCC_WARN_UNDECLARED_SELECTOR = YES;
				GCC_WARN_UNINITIALIZED_AUTOS = YES_AGGRESSIVE;
				GCC_WARN_UNUSED_FUNCTION = YES;
				GCC_WARN_UNUSED_VARIABLE = YES;
				IPHONEOS_DEPLOYMENT_TARGET = 14.4;
				MTL_ENABLE_DEBUG_INFO = INCLUDE_SOURCE;
				MTL_FAST_MATH = YES;
				ONLY_ACTIVE_ARCH = YES;
				SDKROOT = iphoneos;
				SWIFT_ACTIVE_COMPILATION_CONDITIONS = DEBUG;
				SWIFT_OPTIMIZATION_LEVEL = "-Onone";
			};
			name = Debug;
		};
		1827B09B2622A7A100F64D48 /* Release */ = {
			isa = XCBuildConfiguration;
			buildSettings = {
				ALWAYS_SEARCH_USER_PATHS = NO;
				CLANG_ANALYZER_NONNULL = YES;
				CLANG_ANALYZER_NUMBER_OBJECT_CONVERSION = YES_AGGRESSIVE;
				CLANG_CXX_LANGUAGE_STANDARD = "gnu++14";
				CLANG_CXX_LIBRARY = "libc++";
				CLANG_ENABLE_MODULES = YES;
				CLANG_ENABLE_OBJC_ARC = YES;
				CLANG_ENABLE_OBJC_WEAK = YES;
				CLANG_WARN_BLOCK_CAPTURE_AUTORELEASING = YES;
				CLANG_WARN_BOOL_CONVERSION = YES;
				CLANG_WARN_COMMA = YES;
				CLANG_WARN_CONSTANT_CONVERSION = YES;
				CLANG_WARN_DEPRECATED_OBJC_IMPLEMENTATIONS = YES;
				CLANG_WARN_DIRECT_OBJC_ISA_USAGE = YES_ERROR;
				CLANG_WARN_DOCUMENTATION_COMMENTS = YES;
				CLANG_WARN_EMPTY_BODY = YES;
				CLANG_WARN_ENUM_CONVERSION = YES;
				CLANG_WARN_INFINITE_RECURSION = YES;
				CLANG_WARN_INT_CONVERSION = YES;
				CLANG_WARN_NON_LITERAL_NULL_CONVERSION = YES;
				CLANG_WARN_OBJC_IMPLICIT_RETAIN_SELF = YES;
				CLANG_WARN_OBJC_LITERAL_CONVERSION = YES;
				CLANG_WARN_OBJC_ROOT_CLASS = YES_ERROR;
				CLANG_WARN_QUOTED_INCLUDE_IN_FRAMEWORK_HEADER = YES;
				CLANG_WARN_RANGE_LOOP_ANALYSIS = YES;
				CLANG_WARN_STRICT_PROTOTYPES = YES;
				CLANG_WARN_SUSPICIOUS_MOVE = YES;
				CLANG_WARN_UNGUARDED_AVAILABILITY = YES_AGGRESSIVE;
				CLANG_WARN_UNREACHABLE_CODE = YES;
				CLANG_WARN__DUPLICATE_METHOD_MATCH = YES;
				COPY_PHASE_STRIP = NO;
				DEBUG_INFORMATION_FORMAT = "dwarf-with-dsym";
				ENABLE_NS_ASSERTIONS = NO;
				ENABLE_STRICT_OBJC_MSGSEND = YES;
				GCC_C_LANGUAGE_STANDARD = gnu11;
				GCC_NO_COMMON_BLOCKS = YES;
				GCC_WARN_64_TO_32_BIT_CONVERSION = YES;
				GCC_WARN_ABOUT_RETURN_TYPE = YES_ERROR;
				GCC_WARN_UNDECLARED_SELECTOR = YES;
				GCC_WARN_UNINITIALIZED_AUTOS = YES_AGGRESSIVE;
				GCC_WARN_UNUSED_FUNCTION = YES;
				GCC_WARN_UNUSED_VARIABLE = YES;
				IPHONEOS_DEPLOYMENT_TARGET = 14.4;
				MTL_ENABLE_DEBUG_INFO = NO;
				MTL_FAST_MATH = YES;
				SDKROOT = iphoneos;
				SWIFT_COMPILATION_MODE = wholemodule;
				SWIFT_OPTIMIZATION_LEVEL = "-O";
				VALIDATE_PRODUCT = YES;
			};
			name = Release;
		};
		1827B09D2622A7A100F64D48 /* Debug */ = {
			isa = XCBuildConfiguration;
			buildSettings = {
				ASSETCATALOG_COMPILER_APPICON_NAME = AppIcon;
				ASSETCATALOG_COMPILER_GLOBAL_ACCENT_COLOR_NAME = AccentColor;
				CODE_SIGN_STYLE = Automatic;
				FRAMEWORK_SEARCH_PATHS = (
					"$(SRCROOT)/Carthage/Build/iOS",
					"$(PROJECT_DIR)/Carthage/Build/iOS",
					"$(PROJECT_DIR)",
				);
				INFOPLIST_FILE = JarusAssigment/Info.plist;
				LD_RUNPATH_SEARCH_PATHS = (
					"$(inherited)",
					"@executable_path/Frameworks",
					"$(SRCROOT)/Carthage/Build/iOS",
				);
				ONLY_ACTIVE_ARCH = NO;
				PRODUCT_BUNDLE_IDENTIFIER = com.bhumesh.JarusAssigment;
				PRODUCT_NAME = "$(TARGET_NAME)";
				SWIFT_VERSION = 5.0;
				TARGETED_DEVICE_FAMILY = "1,2";
			};
			name = Debug;
		};
		1827B09E2622A7A100F64D48 /* Release */ = {
			isa = XCBuildConfiguration;
			buildSettings = {
				ASSETCATALOG_COMPILER_APPICON_NAME = AppIcon;
				ASSETCATALOG_COMPILER_GLOBAL_ACCENT_COLOR_NAME = AccentColor;
				CODE_SIGN_STYLE = Automatic;
				FRAMEWORK_SEARCH_PATHS = (
					"$(SRCROOT)/Carthage/Build/iOS",
					"$(PROJECT_DIR)/Carthage/Build/iOS",
					"$(PROJECT_DIR)",
				);
				INFOPLIST_FILE = JarusAssigment/Info.plist;
				LD_RUNPATH_SEARCH_PATHS = (
					"$(inherited)",
					"@executable_path/Frameworks",
					"$(SRCROOT)/Carthage/Build/iOS",
				);
				ONLY_ACTIVE_ARCH = NO;
				PRODUCT_BUNDLE_IDENTIFIER = com.bhumesh.JarusAssigment;
				PRODUCT_NAME = "$(TARGET_NAME)";
				SWIFT_VERSION = 5.0;
				TARGETED_DEVICE_FAMILY = "1,2";
			};
			name = Release;
		};
		1827B0A02622A7A100F64D48 /* Debug */ = {
			isa = XCBuildConfiguration;
			buildSettings = {
				ALWAYS_EMBED_SWIFT_STANDARD_LIBRARIES = YES;
				BUNDLE_LOADER = "$(TEST_HOST)";
				CODE_SIGN_STYLE = Automatic;
				INFOPLIST_FILE = JarusAssigmentTests/Info.plist;
				IPHONEOS_DEPLOYMENT_TARGET = 14.4;
				LD_RUNPATH_SEARCH_PATHS = (
					"$(inherited)",
					"@executable_path/Frameworks",
					"@loader_path/Frameworks",
				);
				PRODUCT_BUNDLE_IDENTIFIER = com.bhumesh.JarusAssigmentTests;
				PRODUCT_NAME = "$(TARGET_NAME)";
				SWIFT_VERSION = 5.0;
				TARGETED_DEVICE_FAMILY = "1,2";
				TEST_HOST = "$(BUILT_PRODUCTS_DIR)/JarusAssigment.app/JarusAssigment";
			};
			name = Debug;
		};
		1827B0A12622A7A100F64D48 /* Release */ = {
			isa = XCBuildConfiguration;
			buildSettings = {
				ALWAYS_EMBED_SWIFT_STANDARD_LIBRARIES = YES;
				BUNDLE_LOADER = "$(TEST_HOST)";
				CODE_SIGN_STYLE = Automatic;
				INFOPLIST_FILE = JarusAssigmentTests/Info.plist;
				IPHONEOS_DEPLOYMENT_TARGET = 14.4;
				LD_RUNPATH_SEARCH_PATHS = (
					"$(inherited)",
					"@executable_path/Frameworks",
					"@loader_path/Frameworks",
				);
				PRODUCT_BUNDLE_IDENTIFIER = com.bhumesh.JarusAssigmentTests;
				PRODUCT_NAME = "$(TARGET_NAME)";
				SWIFT_VERSION = 5.0;
				TARGETED_DEVICE_FAMILY = "1,2";
				TEST_HOST = "$(BUILT_PRODUCTS_DIR)/JarusAssigment.app/JarusAssigment";
			};
			name = Release;
		};
		1827B0A32622A7A100F64D48 /* Debug */ = {
			isa = XCBuildConfiguration;
			buildSettings = {
				ALWAYS_EMBED_SWIFT_STANDARD_LIBRARIES = YES;
				CODE_SIGN_STYLE = Automatic;
				INFOPLIST_FILE = JarusAssigmentUITests/Info.plist;
				LD_RUNPATH_SEARCH_PATHS = (
					"$(inherited)",
					"@executable_path/Frameworks",
					"@loader_path/Frameworks",
				);
				PRODUCT_BUNDLE_IDENTIFIER = com.bhumesh.JarusAssigmentUITests;
				PRODUCT_NAME = "$(TARGET_NAME)";
				SWIFT_VERSION = 5.0;
				TARGETED_DEVICE_FAMILY = "1,2";
				TEST_TARGET_NAME = JarusAssigment;
			};
			name = Debug;
		};
		1827B0A42622A7A100F64D48 /* Release */ = {
			isa = XCBuildConfiguration;
			buildSettings = {
				ALWAYS_EMBED_SWIFT_STANDARD_LIBRARIES = YES;
				CODE_SIGN_STYLE = Automatic;
				INFOPLIST_FILE = JarusAssigmentUITests/Info.plist;
				LD_RUNPATH_SEARCH_PATHS = (
					"$(inherited)",
					"@executable_path/Frameworks",
					"@loader_path/Frameworks",
				);
				PRODUCT_BUNDLE_IDENTIFIER = com.bhumesh.JarusAssigmentUITests;
				PRODUCT_NAME = "$(TARGET_NAME)";
				SWIFT_VERSION = 5.0;
				TARGETED_DEVICE_FAMILY = "1,2";
				TEST_TARGET_NAME = JarusAssigment;
			};
			name = Release;
		};
/* End XCBuildConfiguration section */

/* Begin XCConfigurationList section */
		1827B06A2622A79D00F64D48 /* Build configuration list for PBXProject "JarusAssigment" */ = {
			isa = XCConfigurationList;
			buildConfigurations = (
				1827B09A2622A7A100F64D48 /* Debug */,
				1827B09B2622A7A100F64D48 /* Release */,
			);
			defaultConfigurationIsVisible = 0;
			defaultConfigurationName = Release;
		};
		1827B09C2622A7A100F64D48 /* Build configuration list for PBXNativeTarget "JarusAssigment" */ = {
			isa = XCConfigurationList;
			buildConfigurations = (
				1827B09D2622A7A100F64D48 /* Debug */,
				1827B09E2622A7A100F64D48 /* Release */,
			);
			defaultConfigurationIsVisible = 0;
			defaultConfigurationName = Release;
		};
		1827B09F2622A7A100F64D48 /* Build configuration list for PBXNativeTarget "JarusAssigmentTests" */ = {
			isa = XCConfigurationList;
			buildConfigurations = (
				1827B0A02622A7A100F64D48 /* Debug */,
				1827B0A12622A7A100F64D48 /* Release */,
			);
			defaultConfigurationIsVisible = 0;
			defaultConfigurationName = Release;
		};
		1827B0A22622A7A100F64D48 /* Build configuration list for PBXNativeTarget "JarusAssigmentUITests" */ = {
			isa = XCConfigurationList;
			buildConfigurations = (
				1827B0A32622A7A100F64D48 /* Debug */,
				1827B0A42622A7A100F64D48 /* Release */,
			);
			defaultConfigurationIsVisible = 0;
			defaultConfigurationName = Release;
		};
/* End XCConfigurationList section */

/* Begin XCVersionGroup section */
		1827B07B2622A79D00F64D48 /* JarusAssigment.xcdatamodeld */ = {
			isa = XCVersionGroup;
			children = (
				1827B07C2622A79D00F64D48 /* JarusAssigment.xcdatamodel */,
			);
			currentVersion = 1827B07C2622A79D00F64D48 /* JarusAssigment.xcdatamodel */;
			path = JarusAssigment.xcdatamodeld;
			sourceTree = "<group>";
			versionGroupType = wrapper.xcdatamodel;
		};
/* End XCVersionGroup section */
	};
	rootObject = 1827B0672622A79D00F64D48 /* Project object */;
}
